
Microsoft Visual Studio Solution File, Format Version 12.00
# Visual Studio 2012
Project("{FAE04EC0-301F-11D3-BF4B-00C04F79EFBC}") = "Xamarin.LFLiveKit", "Xamarin.LFLiveKit\Xamarin.LFLiveKit.csproj", "{ED707A31-0D4B-4EB4-A45D-BAF6A89803ED}"
EndProject
Project("{FAE04EC0-301F-11D3-BF4B-00C04F79EFBC}") = "Sample", "Sample\Sample.csproj", "{24F7A6A5-393D-4F97-B619-7219AEDDC518}"
EndProject
Global
	GlobalSection(SolutionConfigurationPlatforms) = preSolution
		Debug|Any CPU = Debug|Any CPU
		Release|Any CPU = Release|Any CPU
		Debug|iPhoneSimulator = Debug|iPhoneSimulator
		Release|iPhone = Release|iPhone
		Release|iPhoneSimulator = Release|iPhoneSimulator
		Debug|iPhone = Debug|iPhone
	EndGlobalSection
	GlobalSection(ProjectConfigurationPlatforms) = postSolution
		{ED707A31-0D4B-4EB4-A45D-BAF6A89803ED}.Debug|Any CPU.ActiveCfg = Debug|Any CPU
		{ED707A31-0D4B-4EB4-A45D-BAF6A89803ED}.Debug|Any CPU.Build.0 = Debug|Any CPU
		{ED707A31-0D4B-4EB4-A45D-BAF6A89803ED}.Release|Any CPU.ActiveCfg = Release|Any CPU
		{ED707A31-0D4B-4EB4-A45D-BAF6A89803ED}.Release|Any CPU.Build.0 = Release|Any CPU
		{ED707A31-0D4B-4EB4-A45D-BAF6A89803ED}.Debug|iPhoneSimulator.ActiveCfg = Debug|Any CPU
		{ED707A31-0D4B-4EB4-A45D-BAF6A89803ED}.Debug|iPhoneSimulator.Build.0 = Debug|Any CPU
		{ED707A31-0D4B-4EB4-A45D-BAF6A89803ED}.Release|iPhone.ActiveCfg = Release|Any CPU
		{ED707A31-0D4B-4EB4-A45D-BAF6A89803ED}.Release|iPhone.Build.0 = Release|Any CPU
		{ED707A31-0D4B-4EB4-A45D-BAF6A89803ED}.Release|iPhoneSimulator.ActiveCfg = Release|Any CPU
		{ED707A31-0D4B-4EB4-A45D-BAF6A89803ED}.Release|iPhoneSimulator.Build.0 = Release|Any CPU
		{ED707A31-0D4B-4EB4-A45D-BAF6A89803ED}.Debug|iPhone.ActiveCfg = Debug|Any CPU
		{ED707A31-0D4B-4EB4-A45D-BAF6A89803ED}.Debug|iPhone.Build.0 = Debug|Any CPU
		{24F7A6A5-393D-4F97-B619-7219AEDDC518}.Debug|Any CPU.ActiveCfg = Debug|iPhoneSimulator
		{24F7A6A5-393D-4F97-B619-7219AEDDC518}.Debug|Any CPU.Build.0 = Debug|iPhoneSimulator
		{24F7A6A5-393D-4F97-B619-7219AEDDC518}.Release|Any CPU.ActiveCfg = Release|iPhone
		{24F7A6A5-393D-4F97-B619-7219AEDDC518}.Release|Any CPU.Build.0 = Release|iPhone
		{24F7A6A5-393D-4F97-B619-7219AEDDC518}.Debug|iPhoneSimulator.ActiveCfg = Debug|iPhoneSimulator
		{24F7A6A5-393D-4F97-B619-7219AEDDC518}.Debug|iPhoneSimulator.Build.0 = Debug|iPhoneSimulator
		{24F7A6A5-393D-4F97-B619-7219AEDDC518}.Release|iPhone.ActiveCfg = Release|iPhone
		{24F7A6A5-393D-4F97-B619-7219AEDDC518}.Release|iPhone.Build.0 = Release|iPhone
		{24F7A6A5-393D-4F97-B619-7219AEDDC518}.Release|iPhoneSimulator.ActiveCfg = Release|iPhoneSimulator
		{24F7A6A5-393D-4F97-B619-7219AEDDC518}.Release|iPhoneSimulator.Build.0 = Release|iPhoneSimulator
		{24F7A6A5-393D-4F97-B619-7219AEDDC518}.Debug|iPhone.ActiveCfg = Debug|iPhone
		{24F7A6A5-393D-4F97-B619-7219AEDDC518}.Debug|iPhone.Build.0 = Debug|iPhone
	EndGlobalSection
EndGlobal
